
Microsoft Visual Studio Solution File, Format Version 12.00
# Visual Studio Version 16
VisualStudioVersion = 16.0.29806.167
MinimumVisualStudioVersion = 10.0.40219.1
Project("{9A19103F-16F7-4668-BE54-9A1E7A4F7556}") = "EmployeeManagement", "EmployeeManagement.csproj", "{2ADA562B-7C7B-428E-8C21-EEFA88D244E1}"
EndProject
Global
	GlobalSection(SolutionConfigurationPlatforms) = preSolution
		Debug|Any CPU = Debug|Any CPU
		Release|Any CPU = Release|Any CPU
	EndGlobalSection
	GlobalSection(ProjectConfigurationPlatforms) = postSolution
		{2ADA562B-7C7B-428E-8C21-EEFA88D244E1}.Debug|Any CPU.ActiveCfg = Debug|Any CPU
		{2ADA562B-7C7B-428E-8C21-EEFA88D244E1}.Debug|Any CPU.Build.0 = Debug|Any CPU
		{2ADA562B-7C7B-428E-8C21-EEFA88D244E1}.Release|Any CPU.ActiveCfg = Release|Any CPU
		{2ADA562B-7C7B-428E-8C21-EEFA88D244E1}.Release|Any CPU.Build.0 = Release|Any CPU
	EndGlobalSection
	GlobalSection(SolutionProperties) = preSolution
		HideSolutionNode = FALSE
	EndGlobalSection
	GlobalSection(ExtensibilityGlobals) = postSolution
		SolutionGuid = {2D2EE258-FC55-4940-AD8E-95D2E44EA359}
	EndGlobalSection
EndGlobal
